
Microsoft Visual Studio Solution File, Format Version 12.00
# Visual Studio Version 16
VisualStudioVersion = 16.0.32802.440
MinimumVisualStudioVersion = 10.0.40219.1
Project("{8BC9CEB8-8B4A-11D0-8D11-00A0C91BC942}") = "HelloWorldd", "HelloWorldd\HelloWorldd.vcxproj", "{8018AC03-94BD-4CC7-9628-C8C86E8A76AE}"
EndProject
Project("{8BC9CEB8-8B4A-11D0-8D11-00A0C91BC942}") = "Lab_02", "Lab_02\Lab_02.vcxproj", "{CE524F3F-BE3D-4FB3-A808-B5AD749A159D}"
EndProject
Global
	GlobalSection(SolutionConfigurationPlatforms) = preSolution
		Debug|x64 = Debug|x64
		Debug|x86 = Debug|x86
		Release|x64 = Release|x64
		Release|x86 = Release|x86
	EndGlobalSection
	GlobalSection(ProjectConfigurationPlatforms) = postSolution
		{8018AC03-94BD-4CC7-9628-C8C86E8A76AE}.Debug|x64.ActiveCfg = Debug|x64
		{8018AC03-94BD-4CC7-9628-C8C86E8A76AE}.Debug|x64.Build.0 = Debug|x64
		{8018AC03-94BD-4CC7-9628-C8C86E8A76AE}.Debug|x86.ActiveCfg = Debug|Win32
		{8018AC03-94BD-4CC7-9628-C8C86E8A76AE}.Debug|x86.Build.0 = Debug|Win32
		{8018AC03-94BD-4CC7-9628-C8C86E8A76AE}.Release|x64.ActiveCfg = Release|x64
		{8018AC03-94BD-4CC7-9628-C8C86E8A76AE}.Release|x64.Build.0 = Release|x64
		{8018AC03-94BD-4CC7-9628-C8C86E8A76AE}.Release|x86.ActiveCfg = Release|Win32
		{8018AC03-94BD-4CC7-9628-C8C86E8A76AE}.Release|x86.Build.0 = Release|Win32
		{CE524F3F-BE3D-4FB3-A808-B5AD749A159D}.Debug|x64.ActiveCfg = Debug|x64
		{CE524F3F-BE3D-4FB3-A808-B5AD749A159D}.Debug|x64.Build.0 = Debug|x64
		{CE524F3F-BE3D-4FB3-A808-B5AD749A159D}.Debug|x86.ActiveCfg = Debug|Win32
		{CE524F3F-BE3D-4FB3-A808-B5AD749A159D}.Debug|x86.Build.0 = Debug|Win32
		{CE524F3F-BE3D-4FB3-A808-B5AD749A159D}.Release|x64.ActiveCfg = Release|x64
		{CE524F3F-BE3D-4FB3-A808-B5AD749A159D}.Release|x64.Build.0 = Release|x64
		{CE524F3F-BE3D-4FB3-A808-B5AD749A159D}.Release|x86.ActiveCfg = Release|Win32
		{CE524F3F-BE3D-4FB3-A808-B5AD749A159D}.Release|x86.Build.0 = Release|Win32
	EndGlobalSection
	GlobalSection(SolutionProperties) = preSolution
		HideSolutionNode = FALSE
	EndGlobalSection
	GlobalSection(ExtensibilityGlobals) = postSolution
		SolutionGuid = {8A10E341-824B-404E-B4F7-1FDAE761E096}
	EndGlobalSection
EndGlobal
